
Microsoft Visual Studio Solution File, Format Version 12.00
# Visual Studio Version 17
VisualStudioVersion = 17.9.34728.123
MinimumVisualStudioVersion = 10.0.40219.1
Project("{FAE04EC0-301F-11D3-BF4B-00C04F79EFBC}") = "MatchGame", "MatchGame\MatchGame.csproj", "{63809D29-9A8C-4D05-B1F3-5FD9E0DC021D}"
EndProject
Global
	GlobalSection(SolutionConfigurationPlatforms) = preSolution
		Debug|Any CPU = Debug|Any CPU
		Release|Any CPU = Release|Any CPU
	EndGlobalSection
	GlobalSection(ProjectConfigurationPlatforms) = postSolution
		{63809D29-9A8C-4D05-B1F3-5FD9E0DC021D}.Debug|Any CPU.ActiveCfg = Debug|Any CPU
		{63809D29-9A8C-4D05-B1F3-5FD9E0DC021D}.Debug|Any CPU.Build.0 = Debug|Any CPU
		{63809D29-9A8C-4D05-B1F3-5FD9E0DC021D}.Release|Any CPU.ActiveCfg = Release|Any CPU
		{63809D29-9A8C-4D05-B1F3-5FD9E0DC021D}.Release|Any CPU.Build.0 = Release|Any CPU
	EndGlobalSection
	GlobalSection(SolutionProperties) = preSolution
		HideSolutionNode = FALSE
	EndGlobalSection
	GlobalSection(ExtensibilityGlobals) = postSolution
		SolutionGuid = {C8E78A95-155F-46D8-ACF1-FD49E89E0ADF}
	EndGlobalSection
EndGlobal
